
Microsoft Visual Studio Solution File, Format Version 12.00
# Visual Studio Version 16
VisualStudioVersion = 16.0.30104.148
MinimumVisualStudioVersion = 10.0.40219.1
Project("{FAE04EC0-301F-11D3-BF4B-00C04F79EFBC}") = "Day9_MD", "Day9_MD\Day9_MD.csproj", "{B6395C16-0443-49E4-B783-9B52BC4CC4C9}"
EndProject
Global
	GlobalSection(SolutionConfigurationPlatforms) = preSolution
		Debug|Any CPU = Debug|Any CPU
		Release|Any CPU = Release|Any CPU
	EndGlobalSection
	GlobalSection(ProjectConfigurationPlatforms) = postSolution
		{B6395C16-0443-49E4-B783-9B52BC4CC4C9}.Debug|Any CPU.ActiveCfg = Debug|Any CPU
		{B6395C16-0443-49E4-B783-9B52BC4CC4C9}.Debug|Any CPU.Build.0 = Debug|Any CPU
		{B6395C16-0443-49E4-B783-9B52BC4CC4C9}.Release|Any CPU.ActiveCfg = Release|Any CPU
		{B6395C16-0443-49E4-B783-9B52BC4CC4C9}.Release|Any CPU.Build.0 = Release|Any CPU
	EndGlobalSection
	GlobalSection(SolutionProperties) = preSolution
		HideSolutionNode = FALSE
	EndGlobalSection
	GlobalSection(ExtensibilityGlobals) = postSolution
		SolutionGuid = {582B3F14-BF8D-4076-AC3A-7F71905B5368}
	EndGlobalSection
EndGlobal
