
Microsoft Visual Studio Solution File, Format Version 12.00
# Visual Studio Version 16
VisualStudioVersion = 16.0.30011.22
MinimumVisualStudioVersion = 10.0.40219.1
Project("{FAE04EC0-301F-11D3-BF4B-00C04F79EFBC}") = "Diena3_(loops)cikli", "Diena3_(loops)cikli\Diena3_(loops)cikli.csproj", "{7A884867-2133-4881-B8CD-B3C7573E346B}"
EndProject
Global
	GlobalSection(SolutionConfigurationPlatforms) = preSolution
		Debug|Any CPU = Debug|Any CPU
		Release|Any CPU = Release|Any CPU
	EndGlobalSection
	GlobalSection(ProjectConfigurationPlatforms) = postSolution
		{7A884867-2133-4881-B8CD-B3C7573E346B}.Debug|Any CPU.ActiveCfg = Debug|Any CPU
		{7A884867-2133-4881-B8CD-B3C7573E346B}.Debug|Any CPU.Build.0 = Debug|Any CPU
		{7A884867-2133-4881-B8CD-B3C7573E346B}.Release|Any CPU.ActiveCfg = Release|Any CPU
		{7A884867-2133-4881-B8CD-B3C7573E346B}.Release|Any CPU.Build.0 = Release|Any CPU
	EndGlobalSection
	GlobalSection(SolutionProperties) = preSolution
		HideSolutionNode = FALSE
	EndGlobalSection
	GlobalSection(ExtensibilityGlobals) = postSolution
		SolutionGuid = {624325D2-F1B8-4274-97A9-07F12E7DBE0E}
	EndGlobalSection
EndGlobal
