
Microsoft Visual Studio Solution File, Format Version 12.00
# Visual Studio Version 16
VisualStudioVersion = 16.0.30011.22
MinimumVisualStudioVersion = 10.0.40219.1
Project("{FAE04EC0-301F-11D3-BF4B-00C04F79EFBC}") = "Day4_MD_Kārlis", "Day4_MD_Kārlis\Day4_MD_Kārlis.csproj", "{E41F07CD-FD23-4A97-8C22-4659703DF076}"
EndProject
Global
	GlobalSection(SolutionConfigurationPlatforms) = preSolution
		Debug|Any CPU = Debug|Any CPU
		Release|Any CPU = Release|Any CPU
	EndGlobalSection
	GlobalSection(ProjectConfigurationPlatforms) = postSolution
		{E41F07CD-FD23-4A97-8C22-4659703DF076}.Debug|Any CPU.ActiveCfg = Debug|Any CPU
		{E41F07CD-FD23-4A97-8C22-4659703DF076}.Debug|Any CPU.Build.0 = Debug|Any CPU
		{E41F07CD-FD23-4A97-8C22-4659703DF076}.Release|Any CPU.ActiveCfg = Release|Any CPU
		{E41F07CD-FD23-4A97-8C22-4659703DF076}.Release|Any CPU.Build.0 = Release|Any CPU
	EndGlobalSection
	GlobalSection(SolutionProperties) = preSolution
		HideSolutionNode = FALSE
	EndGlobalSection
	GlobalSection(ExtensibilityGlobals) = postSolution
		SolutionGuid = {3AFA4BC2-2AF6-4F5F-A6A1-9F631125E505}
	EndGlobalSection
EndGlobal
