
Microsoft Visual Studio Solution File, Format Version 12.00
# Visual Studio Version 16
VisualStudioVersion = 16.0.30204.135
MinimumVisualStudioVersion = 10.0.40219.1
Project("{FAE04EC0-301F-11D3-BF4B-00C04F79EFBC}") = "Day22_MD", "Day22_MD\Day22_MD.csproj", "{977F083A-3579-4454-AF50-DF7BAF1C0035}"
EndProject
Global
	GlobalSection(SolutionConfigurationPlatforms) = preSolution
		Debug|Any CPU = Debug|Any CPU
		Release|Any CPU = Release|Any CPU
	EndGlobalSection
	GlobalSection(ProjectConfigurationPlatforms) = postSolution
		{977F083A-3579-4454-AF50-DF7BAF1C0035}.Debug|Any CPU.ActiveCfg = Debug|Any CPU
		{977F083A-3579-4454-AF50-DF7BAF1C0035}.Debug|Any CPU.Build.0 = Debug|Any CPU
		{977F083A-3579-4454-AF50-DF7BAF1C0035}.Release|Any CPU.ActiveCfg = Release|Any CPU
		{977F083A-3579-4454-AF50-DF7BAF1C0035}.Release|Any CPU.Build.0 = Release|Any CPU
	EndGlobalSection
	GlobalSection(SolutionProperties) = preSolution
		HideSolutionNode = FALSE
	EndGlobalSection
	GlobalSection(ExtensibilityGlobals) = postSolution
		SolutionGuid = {90E23524-6AE6-4799-9409-C01CE44D977F}
	EndGlobalSection
EndGlobal
