
Microsoft Visual Studio Solution File, Format Version 12.00
# Visual Studio Version 16
VisualStudioVersion = 16.0.30011.22
MinimumVisualStudioVersion = 10.0.40219.1
Project("{FAE04EC0-301F-11D3-BF4B-00C04F79EFBC}") = "Diena8_listObj", "Diena8_listObj\Diena8_listObj.csproj", "{6F1E36FB-342E-4A7E-A4C5-B7BB72763244}"
EndProject
Global
	GlobalSection(SolutionConfigurationPlatforms) = preSolution
		Debug|Any CPU = Debug|Any CPU
		Release|Any CPU = Release|Any CPU
	EndGlobalSection
	GlobalSection(ProjectConfigurationPlatforms) = postSolution
		{6F1E36FB-342E-4A7E-A4C5-B7BB72763244}.Debug|Any CPU.ActiveCfg = Debug|Any CPU
		{6F1E36FB-342E-4A7E-A4C5-B7BB72763244}.Debug|Any CPU.Build.0 = Debug|Any CPU
		{6F1E36FB-342E-4A7E-A4C5-B7BB72763244}.Release|Any CPU.ActiveCfg = Release|Any CPU
		{6F1E36FB-342E-4A7E-A4C5-B7BB72763244}.Release|Any CPU.Build.0 = Release|Any CPU
	EndGlobalSection
	GlobalSection(SolutionProperties) = preSolution
		HideSolutionNode = FALSE
	EndGlobalSection
	GlobalSection(ExtensibilityGlobals) = postSolution
		SolutionGuid = {66DF55D2-D296-4852-9DB0-4B05C018B7BE}
	EndGlobalSection
EndGlobal
