
Microsoft Visual Studio Solution File, Format Version 12.00
# Visual Studio Version 16
VisualStudioVersion = 16.0.30114.105
MinimumVisualStudioVersion = 10.0.40219.1
Project("{FAE04EC0-301F-11D3-BF4B-00C04F79EFBC}") = "Diena13_GUI", "Diena13_GUI\Diena13_GUI.csproj", "{E001E4B3-280D-4258-86FB-A96F2588BD12}"
EndProject
Global
	GlobalSection(SolutionConfigurationPlatforms) = preSolution
		Debug|Any CPU = Debug|Any CPU
		Release|Any CPU = Release|Any CPU
	EndGlobalSection
	GlobalSection(ProjectConfigurationPlatforms) = postSolution
		{E001E4B3-280D-4258-86FB-A96F2588BD12}.Debug|Any CPU.ActiveCfg = Debug|Any CPU
		{E001E4B3-280D-4258-86FB-A96F2588BD12}.Debug|Any CPU.Build.0 = Debug|Any CPU
		{E001E4B3-280D-4258-86FB-A96F2588BD12}.Release|Any CPU.ActiveCfg = Release|Any CPU
		{E001E4B3-280D-4258-86FB-A96F2588BD12}.Release|Any CPU.Build.0 = Release|Any CPU
	EndGlobalSection
	GlobalSection(SolutionProperties) = preSolution
		HideSolutionNode = FALSE
	EndGlobalSection
	GlobalSection(ExtensibilityGlobals) = postSolution
		SolutionGuid = {6199C5E5-319C-40B6-BE70-BA9995BD61D0}
	EndGlobalSection
EndGlobal
