
Microsoft Visual Studio Solution File, Format Version 12.00
# Visual Studio Version 16
VisualStudioVersion = 16.0.30011.22
MinimumVisualStudioVersion = 10.0.40219.1
Project("{FAE04EC0-301F-11D3-BF4B-00C04F79EFBC}") = "Day 8 MD", "Day 8 MD\Day 8 MD.csproj", "{DDE1E4ED-E2C1-42DF-99AF-3DC4828A77E1}"
EndProject
Global
	GlobalSection(SolutionConfigurationPlatforms) = preSolution
		Debug|Any CPU = Debug|Any CPU
		Release|Any CPU = Release|Any CPU
	EndGlobalSection
	GlobalSection(ProjectConfigurationPlatforms) = postSolution
		{DDE1E4ED-E2C1-42DF-99AF-3DC4828A77E1}.Debug|Any CPU.ActiveCfg = Debug|Any CPU
		{DDE1E4ED-E2C1-42DF-99AF-3DC4828A77E1}.Debug|Any CPU.Build.0 = Debug|Any CPU
		{DDE1E4ED-E2C1-42DF-99AF-3DC4828A77E1}.Release|Any CPU.ActiveCfg = Release|Any CPU
		{DDE1E4ED-E2C1-42DF-99AF-3DC4828A77E1}.Release|Any CPU.Build.0 = Release|Any CPU
	EndGlobalSection
	GlobalSection(SolutionProperties) = preSolution
		HideSolutionNode = FALSE
	EndGlobalSection
	GlobalSection(ExtensibilityGlobals) = postSolution
		SolutionGuid = {6F7D0336-2998-43E1-96C0-8172C6FF48B5}
	EndGlobalSection
EndGlobal
