
Microsoft Visual Studio Solution File, Format Version 12.00
# Visual Studio Version 16
VisualStudioVersion = 16.0.30114.105
MinimumVisualStudioVersion = 10.0.40219.1
Project("{FAE04EC0-301F-11D3-BF4B-00C04F79EFBC}") = "Diena21_SQL", "Diena21_SQL\Diena21_SQL.csproj", "{159FF9C5-26F5-4651-A14D-EEC33856ED8C}"
EndProject
Global
	GlobalSection(SolutionConfigurationPlatforms) = preSolution
		Debug|Any CPU = Debug|Any CPU
		Release|Any CPU = Release|Any CPU
	EndGlobalSection
	GlobalSection(ProjectConfigurationPlatforms) = postSolution
		{159FF9C5-26F5-4651-A14D-EEC33856ED8C}.Debug|Any CPU.ActiveCfg = Debug|Any CPU
		{159FF9C5-26F5-4651-A14D-EEC33856ED8C}.Debug|Any CPU.Build.0 = Debug|Any CPU
		{159FF9C5-26F5-4651-A14D-EEC33856ED8C}.Release|Any CPU.ActiveCfg = Release|Any CPU
		{159FF9C5-26F5-4651-A14D-EEC33856ED8C}.Release|Any CPU.Build.0 = Release|Any CPU
	EndGlobalSection
	GlobalSection(SolutionProperties) = preSolution
		HideSolutionNode = FALSE
	EndGlobalSection
	GlobalSection(ExtensibilityGlobals) = postSolution
		SolutionGuid = {7F9BAC11-5851-4BC6-9308-466A58B06CBB}
	EndGlobalSection
EndGlobal
