
Microsoft Visual Studio Solution File, Format Version 12.00
# Visual Studio Version 16
VisualStudioVersion = 16.0.30114.105
MinimumVisualStudioVersion = 10.0.40219.1
Project("{FAE04EC0-301F-11D3-BF4B-00C04F79EFBC}") = "Diena15_FileIO", "Diena15_FileIO\Diena15_FileIO.csproj", "{D11546AA-19E2-4532-B947-4301460556AD}"
EndProject
Global
	GlobalSection(SolutionConfigurationPlatforms) = preSolution
		Debug|Any CPU = Debug|Any CPU
		Release|Any CPU = Release|Any CPU
	EndGlobalSection
	GlobalSection(ProjectConfigurationPlatforms) = postSolution
		{D11546AA-19E2-4532-B947-4301460556AD}.Debug|Any CPU.ActiveCfg = Debug|Any CPU
		{D11546AA-19E2-4532-B947-4301460556AD}.Debug|Any CPU.Build.0 = Debug|Any CPU
		{D11546AA-19E2-4532-B947-4301460556AD}.Release|Any CPU.ActiveCfg = Release|Any CPU
		{D11546AA-19E2-4532-B947-4301460556AD}.Release|Any CPU.Build.0 = Release|Any CPU
	EndGlobalSection
	GlobalSection(SolutionProperties) = preSolution
		HideSolutionNode = FALSE
	EndGlobalSection
	GlobalSection(ExtensibilityGlobals) = postSolution
		SolutionGuid = {209C609E-900E-45F2-9CFF-F0B87D00F151}
	EndGlobalSection
EndGlobal
